// !$*UTF8*$!
{
	archiveVersion = 1;
	classes = {
	};
	objectVersion = 55;
	objects = {

/* Begin PBXBuildFile section */
		42008E4D279851DE00E591B6 /* Place.swift in Sources */ = {isa = PBXBuildFile; fileRef = 42008E4C279851DE00E591B6 /* Place.swift */; };
		42DCFDD127981A4000CC02CD /* TripMapApp.swift in Sources */ = {isa = PBXBuildFile; fileRef = 42DCFDD027981A4000CC02CD /* TripMapApp.swift */; };
		42DCFDD327981A4000CC02CD /* ContentView.swift in Sources */ = {isa = PBXBuildFile; fileRef = 42DCFDD227981A4000CC02CD /* ContentView.swift */; };
		42DCFDD527981A4100CC02CD /* Assets.xcassets in Resources */ = {isa = PBXBuildFile; fileRef = 42DCFDD427981A4100CC02CD /* Assets.xcassets */; };
		42DCFDD827981A4100CC02CD /* Preview Assets.xcassets in Resources */ = {isa = PBXBuildFile; fileRef = 42DCFDD727981A4100CC02CD /* Preview Assets.xcassets */; };
		42DCFDDA27981A4100CC02CD /* Persistence.swift in Sources */ = {isa = PBXBuildFile; fileRef = 42DCFDD927981A4100CC02CD /* Persistence.swift */; };
		42DCFDDD27981A4100CC02CD /* TripMap.xcdatamodeld in Sources */ = {isa = PBXBuildFile; fileRef = 42DCFDDB27981A4100CC02CD /* TripMap.xcdatamodeld */; };
		42DCFDE627981AF500CC02CD /* Home.swift in Sources */ = {isa = PBXBuildFile; fileRef = 42DCFDE527981AF500CC02CD /* Home.swift */; };
		42DCFDE827981B0500CC02CD /* MapView.swift in Sources */ = {isa = PBXBuildFile; fileRef = 42DCFDE727981B0500CC02CD /* MapView.swift */; };
		42DCFDEC27981C3200CC02CD /* MapViewModel.swift in Sources */ = {isa = PBXBuildFile; fileRef = 42DCFDEB27981C3200CC02CD /* MapViewModel.swift */; };
/* End PBXBuildFile section */

/* Begin PBXFileReference section */
		42008E4C279851DE00E591B6 /* Place.swift */ = {isa = PBXFileReference; lastKnownFileType = sourcecode.swift; path = Place.swift; sourceTree = "<group>"; };
		42DCFDCD27981A4000CC02CD /* TripMap.app */ = {isa = PBXFileReference; explicitFileType = wrapper.application; includeInIndex = 0; path = TripMap.app; sourceTree = BUILT_PRODUCTS_DIR; };
		42DCFDD027981A4000CC02CD /* TripMapApp.swift */ = {isa = PBXFileReference; lastKnownFileType = sourcecode.swift; path = TripMapApp.swift; sourceTree = "<group>"; };
		42DCFDD227981A4000CC02CD /* ContentView.swift */ = {isa = PBXFileReference; lastKnownFileType = sourcecode.swift; path = ContentView.swift; sourceTree = "<group>"; };
		42DCFDD427981A4100CC02CD /* Assets.xcassets */ = {isa = PBXFileReference; lastKnownFileType = folder.assetcatalog; path = Assets.xcassets; sourceTree = "<group>"; };
		42DCFDD727981A4100CC02CD /* Preview Assets.xcassets */ = {isa = PBXFileReference; lastKnownFileType = folder.assetcatalog; path = "Preview Assets.xcassets"; sourceTree = "<group>"; };
		42DCFDD927981A4100CC02CD /* Persistence.swift */ = {isa = PBXFileReference; lastKnownFileType = sourcecode.swift; path = Persistence.swift; sourceTree = "<group>"; };
		42DCFDDC27981A4100CC02CD /* TripMap.xcdatamodel */ = {isa = PBXFileReference; lastKnownFileType = wrapper.xcdatamodel; path = TripMap.xcdatamodel; sourceTree = "<group>"; };
		42DCFDE527981AF500CC02CD /* Home.swift */ = {isa = PBXFileReference; lastKnownFileType = sourcecode.swift; path = Home.swift; sourceTree = "<group>"; };
		42DCFDE727981B0500CC02CD /* MapView.swift */ = {isa = PBXFileReference; lastKnownFileType = sourcecode.swift; path = MapView.swift; sourceTree = "<group>"; };
		42DCFDEB27981C3200CC02CD /* MapViewModel.swift */ = {isa = PBXFileReference; lastKnownFileType = sourcecode.swift; path = MapViewModel.swift; sourceTree = "<group>"; };
/* End PBXFileReference section */

/* Begin PBXFrameworksBuildPhase section */
		42DCFDCA27981A4000CC02CD /* Frameworks */ = {
			isa = PBXFrameworksBuildPhase;
			buildActionMask = 2147483647;
			files = (
			);
			runOnlyForDeploymentPostprocessing = 0;
		};
/* End PBXFrameworksBuildPhase section */

/* Begin PBXGroup section */
		42008E4B279851CA00E591B6 /* Model */ = {
			isa = PBXGroup;
			children = (
				42008E4C279851DE00E591B6 /* Place.swift */,
			);
			path = Model;
			sourceTree = "<group>";
		};
		42DCFDC427981A4000CC02CD = {
			isa = PBXGroup;
			children = (
				42DCFDCF27981A4000CC02CD /* TripMap */,
				42DCFDCE27981A4000CC02CD /* Products */,
			);
			sourceTree = "<group>";
		};
		42DCFDCE27981A4000CC02CD /* Products */ = {
			isa = PBXGroup;
			children = (
				42DCFDCD27981A4000CC02CD /* TripMap.app */,
			);
			name = Products;
			sourceTree = "<group>";
		};
		42DCFDCF27981A4000CC02CD /* TripMap */ = {
			isa = PBXGroup;
			children = (
				42008E4B279851CA00E591B6 /* Model */,
				42DCFDE427981AE000CC02CD /* ViewModel */,
				42DCFDE327981ADB00CC02CD /* View */,
				42DCFDD027981A4000CC02CD /* TripMapApp.swift */,
				42DCFDD227981A4000CC02CD /* ContentView.swift */,
				42DCFDD427981A4100CC02CD /* Assets.xcassets */,
				42DCFDD927981A4100CC02CD /* Persistence.swift */,
				42DCFDDB27981A4100CC02CD /* TripMap.xcdatamodeld */,
				42DCFDD627981A4100CC02CD /* Preview Content */,
			);
			path = TripMap;
			sourceTree = "<group>";
		};
		42DCFDD627981A4100CC02CD /* Preview Content */ = {
			isa = PBXGroup;
			children = (
				42DCFDD727981A4100CC02CD /* Preview Assets.xcassets */,
			);
			path = "Preview Content";
			sourceTree = "<group>";
		};
		42DCFDE327981ADB00CC02CD /* View */ = {
			isa = PBXGroup;
			children = (
				42DCFDE527981AF500CC02CD /* Home.swift */,
				42DCFDE727981B0500CC02CD /* MapView.swift */,
			);
			path = View;
			sourceTree = "<group>";
		};
		42DCFDE427981AE000CC02CD /* ViewModel */ = {
			isa = PBXGroup;
			children = (
				42DCFDEB27981C3200CC02CD /* MapViewModel.swift */,
			);
			path = ViewModel;
			sourceTree = "<group>";
		};
/* End PBXGroup section */

/* Begin PBXNativeTarget section */
		42DCFDCC27981A4000CC02CD /* TripMap */ = {
			isa = PBXNativeTarget;
			buildConfigurationList = 42DCFDE027981A4100CC02CD /* Build configuration list for PBXNativeTarget "TripMap" */;
			buildPhases = (
				42DCFDC927981A4000CC02CD /* Sources */,
				42DCFDCA27981A4000CC02CD /* Frameworks */,
				42DCFDCB27981A4000CC02CD /* Resources */,
			);
			buildRules = (
			);
			dependencies = (
			);
			name = TripMap;
			productName = TripMap;
			productReference = 42DCFDCD27981A4000CC02CD /* TripMap.app */;
			productType = "com.apple.product-type.application";
		};
/* End PBXNativeTarget section */

/* Begin PBXProject section */
		42DCFDC527981A4000CC02CD /* Project object */ = {
			isa = PBXProject;
			attributes = {
				BuildIndependentTargetsInParallel = 1;
				LastSwiftUpdateCheck = 1320;
				LastUpgradeCheck = 1320;
				TargetAttributes = {
					42DCFDCC27981A4000CC02CD = {
						CreatedOnToolsVersion = 13.2.1;
					};
				};
			};
			buildConfigurationList = 42DCFDC827981A4000CC02CD /* Build configuration list for PBXProject "TripMap" */;
			compatibilityVersion = "Xcode 13.0";
			developmentRegion = en;
			hasScannedForEncodings = 0;
			knownRegions = (
				en,
				Base,
			);
			mainGroup = 42DCFDC427981A4000CC02CD;
			productRefGroup = 42DCFDCE27981A4000CC02CD /* Products */;
			projectDirPath = "";
			projectRoot = "";
			targets = (
				42DCFDCC27981A4000CC02CD /* TripMap */,
			);
		};
/* End PBXProject section */

/* Begin PBXResourcesBuildPhase section */
		42DCFDCB27981A4000CC02CD /* Resources */ = {
			isa = PBXResourcesBuildPhase;
			buildActionMask = 2147483647;
			files = (
				42DCFDD827981A4100CC02CD /* Preview Assets.xcassets in Resources */,
				42DCFDD527981A4100CC02CD /* Assets.xcassets in Resources */,
			);
			runOnlyForDeploymentPostprocessing = 0;
		};
/* End PBXResourcesBuildPhase section */

/* Begin PBXSourcesBuildPhase section */
		42DCFDC927981A4000CC02CD /* Sources */ = {
			isa = PBXSourcesBuildPhase;
			buildActionMask = 2147483647;
			files = (
				42DCFDDA27981A4100CC02CD /* Persistence.swift in Sources */,
				42DCFDE827981B0500CC02CD /* MapView.swift in Sources */,
				42DCFDDD27981A4100CC02CD /* TripMap.xcdatamodeld in Sources */,
				42008E4D279851DE00E591B6 /* Place.swift in Sources */,
				42DCFDE627981AF500CC02CD /* Home.swift in Sources */,
				42DCFDEC27981C3200CC02CD /* MapViewModel.swift in Sources */,
				42DCFDD327981A4000CC02CD /* ContentView.swift in Sources */,
				42DCFDD127981A4000CC02CD /* TripMapApp.swift in Sources */,
			);
			runOnlyForDeploymentPostprocessing = 0;
		};
/* End PBXSourcesBuildPhase section */

/* Begin XCBuildConfiguration section */
		42DCFDDE27981A4100CC02CD /* Debug */ = {
			isa = XCBuildConfiguration;
			buildSettings = {
				ALWAYS_SEARCH_USER_PATHS = NO;
				CLANG_ANALYZER_NONNULL = YES;
				CLANG_ANALYZER_NUMBER_OBJECT_CONVERSION = YES_AGGRESSIVE;
				CLANG_CXX_LANGUAGE_STANDARD = "gnu++17";
				CLANG_CXX_LIBRARY = "libc++";
				CLANG_ENABLE_MODULES = YES;
				CLANG_ENABLE_OBJC_ARC = YES;
				CLANG_ENABLE_OBJC_WEAK = YES;
				CLANG_WARN_BLOCK_CAPTURE_AUTORELEASING = YES;
				CLANG_WARN_BOOL_CONVERSION = YES;
				CLANG_WARN_COMMA = YES;
				CLANG_WARN_CONSTANT_CONVERSION = YES;
				CLANG_WARN_DEPRECATED_OBJC_IMPLEMENTATIONS = YES;
				CLANG_WARN_DIRECT_OBJC_ISA_USAGE = YES_ERROR;
				CLANG_WARN_DOCUMENTATION_COMMENTS = YES;
				CLANG_WARN_EMPTY_BODY = YES;
				CLANG_WARN_ENUM_CONVERSION = YES;
				CLANG_WARN_INFINITE_RECURSION = YES;
				CLANG_WARN_INT_CONVERSION = YES;
				CLANG_WARN_NON_LITERAL_NULL_CONVERSION = YES;
				CLANG_WARN_OBJC_IMPLICIT_RETAIN_SELF = YES;
				CLANG_WARN_OBJC_LITERAL_CONVERSION = YES;
				CLANG_WARN_OBJC_ROOT_CLASS = YES_ERROR;
				CLANG_WARN_QUOTED_INCLUDE_IN_FRAMEWORK_HEADER = YES;
				CLANG_WARN_RANGE_LOOP_ANALYSIS = YES;
				CLANG_WARN_STRICT_PROTOTYPES = YES;
				CLANG_WARN_SUSPICIOUS_MOVE = YES;
				CLANG_WARN_UNGUARDED_AVAILABILITY = YES_AGGRESSIVE;
				CLANG_WARN_UNREACHABLE_CODE = YES;
				CLANG_WARN__DUPLICATE_METHOD_MATCH = YES;
				COPY_PHASE_STRIP = NO;
				DEBUG_INFORMATION_FORMAT = dwarf;
				ENABLE_STRICT_OBJC_MSGSEND = YES;
				ENABLE_TESTABILITY = YES;
				GCC_C_LANGUAGE_STANDARD = gnu11;
				GCC_DYNAMIC_NO_PIC = NO;
				GCC_NO_COMMON_BLOCKS = YES;
				GCC_OPTIMIZATION_LEVEL = 0;
				GCC_PREPROCESSOR_DEFINITIONS = (
					"DEBUG=1",
					"$(inherited)",
				);
				GCC_WARN_64_TO_32_BIT_CONVERSION = YES;
				GCC_WARN_ABOUT_RETURN_TYPE = YES_ERROR;
				GCC_WARN_UNDECLARED_SELECTOR = YES;
				GCC_WARN_UNINITIALIZED_AUTOS = YES_AGGRESSIVE;
				GCC_WARN_UNUSED_FUNCTION = YES;
				GCC_WARN_UNUSED_VARIABLE = YES;
				IPHONEOS_DEPLOYMENT_TARGET = 15.2;
				MTL_ENABLE_DEBUG_INFO = INCLUDE_SOURCE;
				MTL_FAST_MATH = YES;
				ONLY_ACTIVE_ARCH = YES;
				SDKROOT = iphoneos;
				SWIFT_ACTIVE_COMPILATION_CONDITIONS = DEBUG;
				SWIFT_OPTIMIZATION_LEVEL = "-Onone";
			};
			name = Debug;
		};
		42DCFDDF27981A4100CC02CD /* Release */ = {
			isa = XCBuildConfiguration;
			buildSettings = {
				ALWAYS_SEARCH_USER_PATHS = NO;
				CLANG_ANALYZER_NONNULL = YES;
				CLANG_ANALYZER_NUMBER_OBJECT_CONVERSION = YES_AGGRESSIVE;
				CLANG_CXX_LANGUAGE_STANDARD = "gnu++17";
				CLANG_CXX_LIBRARY = "libc++";
				CLANG_ENABLE_MODULES = YES;
				CLANG_ENABLE_OBJC_ARC = YES;
				CLANG_ENABLE_OBJC_WEAK = YES;
				CLANG_WARN_BLOCK_CAPTURE_AUTORELEASING = YES;
				CLANG_WARN_BOOL_CONVERSION = YES;
				CLANG_WARN_COMMA = YES;
				CLANG_WARN_CONSTANT_CONVERSION = YES;
				CLANG_WARN_DEPRECATED_OBJC_IMPLEMENTATIONS = YES;
				CLANG_WARN_DIRECT_OBJC_ISA_USAGE = YES_ERROR;
				CLANG_WARN_DOCUMENTATION_COMMENTS = YES;
				CLANG_WARN_EMPTY_BODY = YES;
				CLANG_WARN_ENUM_CONVERSION = YES;
				CLANG_WARN_INFINITE_RECURSION = YES;
				CLANG_WARN_INT_CONVERSION = YES;
				CLANG_WARN_NON_LITERAL_NULL_CONVERSION = YES;
				CLANG_WARN_OBJC_IMPLICIT_RETAIN_SELF = YES;
				CLANG_WARN_OBJC_LITERAL_CONVERSION = YES;
				CLANG_WARN_OBJC_ROOT_CLASS = YES_ERROR;
				CLANG_WARN_QUOTED_INCLUDE_IN_FRAMEWORK_HEADER = YES;
				CLANG_WARN_RANGE_LOOP_ANALYSIS = YES;
				CLANG_WARN_STRICT_PROTOTYPES = YES;
				CLANG_WARN_SUSPICIOUS_MOVE = YES;
				CLANG_WARN_UNGUARDED_AVAILABILITY = YES_AGGRESSIVE;
				CLANG_WARN_UNREACHABLE_CODE = YES;
				CLANG_WARN__DUPLICATE_METHOD_MATCH = YES;
				COPY_PHASE_STRIP = NO;
				DEBUG_INFORMATION_FORMAT = "dwarf-with-dsym";
				ENABLE_NS_ASSERTIONS = NO;
				ENABLE_STRICT_OBJC_MSGSEND = YES;
				GCC_C_LANGUAGE_STANDARD = gnu11;
				GCC_NO_COMMON_BLOCKS = YES;
				GCC_WARN_64_TO_32_BIT_CONVERSION = YES;
				GCC_WARN_ABOUT_RETURN_TYPE = YES_ERROR;
				GCC_WARN_UNDECLARED_SELECTOR = YES;
				GCC_WARN_UNINITIALIZED_AUTOS = YES_AGGRESSIVE;
				GCC_WARN_UNUSED_FUNCTION = YES;
				GCC_WARN_UNUSED_VARIABLE = YES;
				IPHONEOS_DEPLOYMENT_TARGET = 15.2;
				MTL_ENABLE_DEBUG_INFO = NO;
				MTL_FAST_MATH = YES;
				SDKROOT = iphoneos;
				SWIFT_COMPILATION_MODE = wholemodule;
				SWIFT_OPTIMIZATION_LEVEL = "-O";
				VALIDATE_PRODUCT = YES;
			};
			name = Release;
		};
		42DCFDE127981A4100CC02CD /* Debug */ = {
			isa = XCBuildConfiguration;
			buildSettings = {
				ASSETCATALOG_COMPILER_APPICON_NAME = AppIcon;
				ASSETCATALOG_COMPILER_GLOBAL_ACCENT_COLOR_NAME = AccentColor;
				CODE_SIGN_STYLE = Automatic;
				CURRENT_PROJECT_VERSION = 1;
				DEVELOPMENT_ASSET_PATHS = "\"TripMap/Preview Content\"";
				DEVELOPMENT_TEAM = K876B5DF7P;
				ENABLE_PREVIEWS = YES;
				GENERATE_INFOPLIST_FILE = YES;
				INFOPLIST_KEY_LSApplicationCategoryType = "";
				INFOPLIST_KEY_NSLocationWhenInUseUsageDescription = "";
				INFOPLIST_KEY_UIApplicationSceneManifest_Generation = YES;
				INFOPLIST_KEY_UIApplicationSupportsIndirectInputEvents = YES;
				INFOPLIST_KEY_UILaunchScreen_Generation = YES;
				INFOPLIST_KEY_UISupportedInterfaceOrientations_iPad = "UIInterfaceOrientationPortrait UIInterfaceOrientationPortraitUpsideDown UIInterfaceOrientationLandscapeLeft UIInterfaceOrientationLandscapeRight";
				INFOPLIST_KEY_UISupportedInterfaceOrientations_iPhone = "UIInterfaceOrientationPortrait UIInterfaceOrientationLandscapeLeft UIInterfaceOrientationLandscapeRight";
				LD_RUNPATH_SEARCH_PATHS = (
					"$(inherited)",
					"@executable_path/Frameworks",
				);
				MARKETING_VERSION = 1.0;
				PRODUCT_BUNDLE_IDENTIFIER = h1431532403240.TripMap;
				PRODUCT_NAME = "$(TARGET_NAME)";
				SWIFT_EMIT_LOC_STRINGS = YES;
				SWIFT_VERSION = 5.0;
				TARGETED_DEVICE_FAMILY = "1,2";
			};
			name = Debug;
		};
		42DCFDE227981A4100CC02CD /* Release */ = {
			isa = XCBuildConfiguration;
			buildSettings = {
				ASSETCATALOG_COMPILER_APPICON_NAME = AppIcon;
				ASSETCATALOG_COMPILER_GLOBAL_ACCENT_COLOR_NAME = AccentColor;
				CODE_SIGN_STYLE = Automatic;
				CURRENT_PROJECT_VERSION = 1;
				DEVELOPMENT_ASSET_PATHS = "\"TripMap/Preview Content\"";
				DEVELOPMENT_TEAM = K876B5DF7P;
				ENABLE_PREVIEWS = YES;
				GENERATE_INFOPLIST_FILE = YES;
				INFOPLIST_KEY_LSApplicationCategoryType = "";
				INFOPLIST_KEY_NSLocationWhenInUseUsageDescription = "";
				INFOPLIST_KEY_UIApplicationSceneManifest_Generation = YES;
				INFOPLIST_KEY_UIApplicationSupportsIndirectInputEvents = YES;
				INFOPLIST_KEY_UILaunchScreen_Generation = YES;
				INFOPLIST_KEY_UISupportedInterfaceOrientations_iPad = "UIInterfaceOrientationPortrait UIInterfaceOrientationPortraitUpsideDown UIInterfaceOrientationLandscapeLeft UIInterfaceOrientationLandscapeRight";
				INFOPLIST_KEY_UISupportedInterfaceOrientations_iPhone = "UIInterfaceOrientationPortrait UIInterfaceOrientationLandscapeLeft UIInterfaceOrientationLandscapeRight";
				LD_RUNPATH_SEARCH_PATHS = (
					"$(inherited)",
					"@executable_path/Frameworks",
				);
				MARKETING_VERSION = 1.0;
				PRODUCT_BUNDLE_IDENTIFIER = h1431532403240.TripMap;
				PRODUCT_NAME = "$(TARGET_NAME)";
				SWIFT_EMIT_LOC_STRINGS = YES;
				SWIFT_VERSION = 5.0;
				TARGETED_DEVICE_FAMILY = "1,2";
			};
			name = Release;
		};
/* End XCBuildConfiguration section */

/* Begin XCConfigurationList section */
		42DCFDC827981A4000CC02CD /* Build configuration list for PBXProject "TripMap" */ = {
			isa = XCConfigurationList;
			buildConfigurations = (
				42DCFDDE27981A4100CC02CD /* Debug */,
				42DCFDDF27981A4100CC02CD /* Release */,
			);
			defaultConfigurationIsVisible = 0;
			defaultConfigurationName = Release;
		};
		42DCFDE027981A4100CC02CD /* Build configuration list for PBXNativeTarget "TripMap" */ = {
			isa = XCConfigurationList;
			buildConfigurations = (
				42DCFDE127981A4100CC02CD /* Debug */,
				42DCFDE227981A4100CC02CD /* Release */,
			);
			defaultConfigurationIsVisible = 0;
			defaultConfigurationName = Release;
		};
/* End XCConfigurationList section */

/* Begin XCVersionGroup section */
		42DCFDDB27981A4100CC02CD /* TripMap.xcdatamodeld */ = {
			isa = XCVersionGroup;
			children = (
				42DCFDDC27981A4100CC02CD /* TripMap.xcdatamodel */,
			);
			currentVersion = 42DCFDDC27981A4100CC02CD /* TripMap.xcdatamodel */;
			path = TripMap.xcdatamodeld;
			sourceTree = "<group>";
			versionGroupType = wrapper.xcdatamodel;
		};
/* End XCVersionGroup section */
	};
	rootObject = 42DCFDC527981A4000CC02CD /* Project object */;
}
